// !$*UTF8*$!
{
	archiveVersion = 1;
	classes = {
	};
	objectVersion = 50;
	objects = {

/* Begin PBXBuildFile section */
		CC34B7762083C167001BD9D0 /* AppDelegate.swift in Sources */ = {isa = PBXBuildFile; fileRef = CC34B7752083C167001BD9D0 /* AppDelegate.swift */; };
		CC34B7782083C167001BD9D0 /* ViewController.swift in Sources */ = {isa = PBXBuildFile; fileRef = CC34B7772083C167001BD9D0 /* ViewController.swift */; };
		CC34B77B2083C167001BD9D0 /* Main.storyboard in Resources */ = {isa = PBXBuildFile; fileRef = CC34B7792083C167001BD9D0 /* Main.storyboard */; };
		CC34B77D2083C169001BD9D0 /* Assets.xcassets in Resources */ = {isa = PBXBuildFile; fileRef = CC34B77C2083C169001BD9D0 /* Assets.xcassets */; };
		CC34B7802083C169001BD9D0 /* LaunchScreen.storyboard in Resources */ = {isa = PBXBuildFile; fileRef = CC34B77E2083C169001BD9D0 /* LaunchScreen.storyboard */; };
		CCA347A120BB2D2D00822869 /* MyCollectionViewCell.swift in Sources */ = {isa = PBXBuildFile; fileRef = CCA347A020BB2D2D00822869 /* MyCollectionViewCell.swift */; };
/* End PBXBuildFile section */

/* Begin PBXFileReference section */
		CC34B7722083C167001BD9D0 /* sandbox-uicollectionview.app */ = {isa = PBXFileReference; explicitFileType = wrapper.application; includeInIndex = 0; path = "sandbox-uicollectionview.app"; sourceTree = BUILT_PRODUCTS_DIR; };
		CC34B7752083C167001BD9D0 /* AppDelegate.swift */ = {isa = PBXFileReference; lastKnownFileType = sourcecode.swift; path = AppDelegate.swift; sourceTree = "<group>"; };
		CC34B7772083C167001BD9D0 /* ViewController.swift */ = {isa = PBXFileReference; lastKnownFileType = sourcecode.swift; path = ViewController.swift; sourceTree = "<group>"; };
		CC34B77A2083C167001BD9D0 /* Base */ = {isa = PBXFileReference; lastKnownFileType = file.storyboard; name = Base; path = Base.lproj/Main.storyboard; sourceTree = "<group>"; };
		CC34B77C2083C169001BD9D0 /* Assets.xcassets */ = {isa = PBXFileReference; lastKnownFileType = folder.assetcatalog; path = Assets.xcassets; sourceTree = "<group>"; };
		CC34B77F2083C169001BD9D0 /* Base */ = {isa = PBXFileReference; lastKnownFileType = file.storyboard; name = Base; path = Base.lproj/LaunchScreen.storyboard; sourceTree = "<group>"; };
		CC34B7812083C169001BD9D0 /* Info.plist */ = {isa = PBXFileReference; lastKnownFileType = text.plist.xml; path = Info.plist; sourceTree = "<group>"; };
		CCA347A020BB2D2D00822869 /* MyCollectionViewCell.swift */ = {isa = PBXFileReference; lastKnownFileType = sourcecode.swift; path = MyCollectionViewCell.swift; sourceTree = "<group>"; };
/* End PBXFileReference section */

/* Begin PBXFrameworksBuildPhase section */
		CC34B76F2083C167001BD9D0 /* Frameworks */ = {
			isa = PBXFrameworksBuildPhase;
			buildActionMask = 2147483647;
			files = (
			);
			runOnlyForDeploymentPostprocessing = 0;
		};
/* End PBXFrameworksBuildPhase section */

/* Begin PBXGroup section */
		CC34B7692083C167001BD9D0 = {
			isa = PBXGroup;
			children = (
				CC34B7742083C167001BD9D0 /* sandbox-uicollectionview */,
				CC34B7732083C167001BD9D0 /* Products */,
			);
			sourceTree = "<group>";
		};
		CC34B7732083C167001BD9D0 /* Products */ = {
			isa = PBXGroup;
			children = (
				CC34B7722083C167001BD9D0 /* sandbox-uicollectionview.app */,
			);
			name = Products;
			sourceTree = "<group>";
		};
		CC34B7742083C167001BD9D0 /* sandbox-uicollectionview */ = {
			isa = PBXGroup;
			children = (
				CC34B7752083C167001BD9D0 /* AppDelegate.swift */,
				CC34B7772083C167001BD9D0 /* ViewController.swift */,
				CC34B7792083C167001BD9D0 /* Main.storyboard */,
				CC34B77C2083C169001BD9D0 /* Assets.xcassets */,
				CC34B77E2083C169001BD9D0 /* LaunchScreen.storyboard */,
				CC34B7812083C169001BD9D0 /* Info.plist */,
				CCA347A020BB2D2D00822869 /* MyCollectionViewCell.swift */,
			);
			path = "sandbox-uicollectionview";
			sourceTree = "<group>";
		};
/* End PBXGroup section */

/* Begin PBXNativeTarget section */
		CC34B7712083C167001BD9D0 /* sandbox-uicollectionview */ = {
			isa = PBXNativeTarget;
			buildConfigurationList = CC34B7842083C169001BD9D0 /* Build configuration list for PBXNativeTarget "sandbox-uicollectionview" */;
			buildPhases = (
				CC34B76E2083C167001BD9D0 /* Sources */,
				CC34B76F2083C167001BD9D0 /* Frameworks */,
				CC34B7702083C167001BD9D0 /* Resources */,
			);
			buildRules = (
			);
			dependencies = (
			);
			name = "sandbox-uicollectionview";
			productName = "sandbox-uicollectionview";
			productReference = CC34B7722083C167001BD9D0 /* sandbox-uicollectionview.app */;
			productType = "com.apple.product-type.application";
		};
/* End PBXNativeTarget section */

/* Begin PBXProject section */
		CC34B76A2083C167001BD9D0 /* Project object */ = {
			isa = PBXProject;
			attributes = {
				LastSwiftUpdateCheck = 0930;
				LastUpgradeCheck = 0930;
				ORGANIZATIONNAME = "Knut Valen";
				TargetAttributes = {
					CC34B7712083C167001BD9D0 = {
						CreatedOnToolsVersion = 9.3;
					};
				};
			};
			buildConfigurationList = CC34B76D2083C167001BD9D0 /* Build configuration list for PBXProject "sandbox-uicollectionview" */;
			compatibilityVersion = "Xcode 9.3";
			developmentRegion = en;
			hasScannedForEncodings = 0;
			knownRegions = (
				en,
				Base,
			);
			mainGroup = CC34B7692083C167001BD9D0;
			productRefGroup = CC34B7732083C167001BD9D0 /* Products */;
			projectDirPath = "";
			projectRoot = "";
			targets = (
				CC34B7712083C167001BD9D0 /* sandbox-uicollectionview */,
			);
		};
/* End PBXProject section */

/* Begin PBXResourcesBuildPhase section */
		CC34B7702083C167001BD9D0 /* Resources */ = {
			isa = PBXResourcesBuildPhase;
			buildActionMask = 2147483647;
			files = (
				CC34B7802083C169001BD9D0 /* LaunchScreen.storyboard in Resources */,
				CC34B77D2083C169001BD9D0 /* Assets.xcassets in Resources */,
				CC34B77B2083C167001BD9D0 /* Main.storyboard in Resources */,
			);
			runOnlyForDeploymentPostprocessing = 0;
		};
/* End PBXResourcesBuildPhase section */

/* Begin PBXSourcesBuildPhase section */
		CC34B76E2083C167001BD9D0 /* Sources */ = {
			isa = PBXSourcesBuildPhase;
			buildActionMask = 2147483647;
			files = (
				CC34B7782083C167001BD9D0 /* ViewController.swift in Sources */,
				CC34B7762083C167001BD9D0 /* AppDelegate.swift in Sources */,
				CCA347A120BB2D2D00822869 /* MyCollectionViewCell.swift in Sources */,
			);
			runOnlyForDeploymentPostprocessing = 0;
		};
/* End PBXSourcesBuildPhase section */

/* Begin PBXVariantGroup section */
		CC34B7792083C167001BD9D0 /* Main.storyboard */ = {
			isa = PBXVariantGroup;
			children = (
				CC34B77A2083C167001BD9D0 /* Base */,
			);
			name = Main.storyboard;
			sourceTree = "<group>";
		};
		CC34B77E2083C169001BD9D0 /* LaunchScreen.storyboard */ = {
			isa = PBXVariantGroup;
			children = (
				CC34B77F2083C169001BD9D0 /* Base */,
			);
			name = LaunchScreen.storyboard;
			sourceTree = "<group>";
		};
/* End PBXVariantGroup section */

/* Begin XCBuildConfiguration section */
		CC34B7822083C169001BD9D0 /* Debug */ = {
			isa = XCBuildConfiguration;
			buildSettings = {
				ALWAYS_SEARCH_USER_PATHS = NO;
				CLANG_ANALYZER_NONNULL = YES;
				CLANG_ANALYZER_NUMBER_OBJECT_CONVERSION = YES_AGGRESSIVE;
				CLANG_CXX_LANGUAGE_STANDARD = "gnu++14";
				CLANG_CXX_LIBRARY = "libc++";
				CLANG_ENABLE_MODULES = YES;
				CLANG_ENABLE_OBJC_ARC = YES;
				CLANG_ENABLE_OBJC_WEAK = YES;
				CLANG_WARN_BLOCK_CAPTURE_AUTORELEASING = YES;
				CLANG_WARN_BOOL_CONVERSION = YES;
				CLANG_WARN_COMMA = YES;
				CLANG_WARN_CONSTANT_CONVERSION = YES;
				CLANG_WARN_DEPRECATED_OBJC_IMPLEMENTATIONS = YES;
				CLANG_WARN_DIRECT_OBJC_ISA_USAGE = YES_ERROR;
				CLANG_WARN_DOCUMENTATION_COMMENTS = YES;
				CLANG_WARN_EMPTY_BODY = YES;
				CLANG_WARN_ENUM_CONVERSION = YES;
				CLANG_WARN_INFINITE_RECURSION = YES;
				CLANG_WARN_INT_CONVERSION = YES;
				CLANG_WARN_NON_LITERAL_NULL_CONVERSION = YES;
				CLANG_WARN_OBJC_IMPLICIT_RETAIN_SELF = YES;
				CLANG_WARN_OBJC_LITERAL_CONVERSION = YES;
				CLANG_WARN_OBJC_ROOT_CLASS = YES_ERROR;
				CLANG_WARN_RANGE_LOOP_ANALYSIS = YES;
				CLANG_WARN_STRICT_PROTOTYPES = YES;
				CLANG_WARN_SUSPICIOUS_MOVE = YES;
				CLANG_WARN_UNGUARDED_AVAILABILITY = YES_AGGRESSIVE;
				CLANG_WARN_UNREACHABLE_CODE = YES;
				CLANG_WARN__DUPLICATE_METHOD_MATCH = YES;
				CODE_SIGN_IDENTITY = "iPhone Developer";
				COPY_PHASE_STRIP = NO;
				DEBUG_INFORMATION_FORMAT = dwarf;
				ENABLE_STRICT_OBJC_MSGSEND = YES;
				ENABLE_TESTABILITY = YES;
				GCC_C_LANGUAGE_STANDARD = gnu11;
				GCC_DYNAMIC_NO_PIC = NO;
				GCC_NO_COMMON_BLOCKS = YES;
				GCC_OPTIMIZATION_LEVEL = 0;
				GCC_PREPROCESSOR_DEFINITIONS = (
					"DEBUG=1",
					"$(inherited)",
				);
				GCC_WARN_64_TO_32_BIT_CONVERSION = YES;
				GCC_WARN_ABOUT_RETURN_TYPE = YES_ERROR;
				GCC_WARN_UNDECLARED_SELECTOR = YES;
				GCC_WARN_UNINITIALIZED_AUTOS = YES_AGGRESSIVE;
				GCC_WARN_UNUSED_FUNCTION = YES;
				GCC_WARN_UNUSED_VARIABLE = YES;
				IPHONEOS_DEPLOYMENT_TARGET = 11.3;
				MTL_ENABLE_DEBUG_INFO = YES;
				ONLY_ACTIVE_ARCH = YES;
				SDKROOT = iphoneos;
				SWIFT_ACTIVE_COMPILATION_CONDITIONS = DEBUG;
				SWIFT_OPTIMIZATION_LEVEL = "-Onone";
			};
			name = Debug;
		};
		CC34B7832083C169001BD9D0 /* Release */ = {
			isa = XCBuildConfiguration;
			buildSettings = {
				ALWAYS_SEARCH_USER_PATHS = NO;
				CLANG_ANALYZER_NONNULL = YES;
				CLANG_ANALYZER_NUMBER_OBJECT_CONVERSION = YES_AGGRESSIVE;
				CLANG_CXX_LANGUAGE_STANDARD = "gnu++14";
				CLANG_CXX_LIBRARY = "libc++";
				CLANG_ENABLE_MODULES = YES;
				CLANG_ENABLE_OBJC_ARC = YES;
				CLANG_ENABLE_OBJC_WEAK = YES;
				CLANG_WARN_BLOCK_CAPTURE_AUTORELEASING = YES;
				CLANG_WARN_BOOL_CONVERSION = YES;
				CLANG_WARN_COMMA = YES;
				CLANG_WARN_CONSTANT_CONVERSION = YES;
				CLANG_WARN_DEPRECATED_OBJC_IMPLEMENTATIONS = YES;
				CLANG_WARN_DIRECT_OBJC_ISA_USAGE = YES_ERROR;
				CLANG_WARN_DOCUMENTATION_COMMENTS = YES;
				CLANG_WARN_EMPTY_BODY = YES;
				CLANG_WARN_ENUM_CONVERSION = YES;
				CLANG_WARN_INFINITE_RECURSION = YES;
				CLANG_WARN_INT_CONVERSION = YES;
				CLANG_WARN_NON_LITERAL_NULL_CONVERSION = YES;
				CLANG_WARN_OBJC_IMPLICIT_RETAIN_SELF = YES;
				CLANG_WARN_OBJC_LITERAL_CONVERSION = YES;
				CLANG_WARN_OBJC_ROOT_CLASS = YES_ERROR;
				CLANG_WARN_RANGE_LOOP_ANALYSIS = YES;
				CLANG_WARN_STRICT_PROTOTYPES = YES;
				CLANG_WARN_SUSPICIOUS_MOVE = YES;
				CLANG_WARN_UNGUARDED_AVAILABILITY = YES_AGGRESSIVE;
				CLANG_WARN_UNREACHABLE_CODE = YES;
				CLANG_WARN__DUPLICATE_METHOD_MATCH = YES;
				CODE_SIGN_IDENTITY = "iPhone Developer";
				COPY_PHASE_STRIP = NO;
				DEBUG_INFORMATION_FORMAT = "dwarf-with-dsym";
				ENABLE_NS_ASSERTIONS = NO;
				ENABLE_STRICT_OBJC_MSGSEND = YES;
				GCC_C_LANGUAGE_STANDARD = gnu11;
				GCC_NO_COMMON_BLOCKS = YES;
				GCC_WARN_64_TO_32_BIT_CONVERSION = YES;
				GCC_WARN_ABOUT_RETURN_TYPE = YES_ERROR;
				GCC_WARN_UNDECLARED_SELECTOR = YES;
				GCC_WARN_UNINITIALIZED_AUTOS = YES_AGGRESSIVE;
				GCC_WARN_UNUSED_FUNCTION = YES;
				GCC_WARN_UNUSED_VARIABLE = YES;
				IPHONEOS_DEPLOYMENT_TARGET = 11.3;
				MTL_ENABLE_DEBUG_INFO = NO;
				SDKROOT = iphoneos;
				SWIFT_COMPILATION_MODE = wholemodule;
				SWIFT_OPTIMIZATION_LEVEL = "-O";
				VALIDATE_PRODUCT = YES;
			};
			name = Release;
		};
		CC34B7852083C169001BD9D0 /* Debug */ = {
			isa = XCBuildConfiguration;
			buildSettings = {
				ASSETCATALOG_COMPILER_APPICON_NAME = AppIcon;
				CODE_SIGN_STYLE = Automatic;
				DEVELOPMENT_TEAM = S26MQGKU5N;
				INFOPLIST_FILE = "sandbox-uicollectionview/Info.plist";
				LD_RUNPATH_SEARCH_PATHS = (
					"$(inherited)",
					"@executable_path/Frameworks",
				);
				PRODUCT_BUNDLE_IDENTIFIER = "no.qassql.sandbox-uicollectionview456";
				PRODUCT_NAME = "$(TARGET_NAME)";
				SWIFT_VERSION = 4.0;
				TARGETED_DEVICE_FAMILY = "1,2";
			};
			name = Debug;
		};
		CC34B7862083C169001BD9D0 /* Release */ = {
			isa = XCBuildConfiguration;
			buildSettings = {
				ASSETCATALOG_COMPILER_APPICON_NAME = AppIcon;
				CODE_SIGN_STYLE = Automatic;
				DEVELOPMENT_TEAM = S26MQGKU5N;
				INFOPLIST_FILE = "sandbox-uicollectionview/Info.plist";
				LD_RUNPATH_SEARCH_PATHS = (
					"$(inherited)",
					"@executable_path/Frameworks",
				);
				PRODUCT_BUNDLE_IDENTIFIER = "no.qassql.sandbox-uicollectionview456";
				PRODUCT_NAME = "$(TARGET_NAME)";
				SWIFT_VERSION = 4.0;
				TARGETED_DEVICE_FAMILY = "1,2";
			};
			name = Release;
		};
/* End XCBuildConfiguration section */

/* Begin XCConfigurationList section */
		CC34B76D2083C167001BD9D0 /* Build configuration list for PBXProject "sandbox-uicollectionview" */ = {
			isa = XCConfigurationList;
			buildConfigurations = (
				CC34B7822083C169001BD9D0 /* Debug */,
				CC34B7832083C169001BD9D0 /* Release */,
			);
			defaultConfigurationIsVisible = 0;
			defaultConfigurationName = Release;
		};
		CC34B7842083C169001BD9D0 /* Build configuration list for PBXNativeTarget "sandbox-uicollectionview" */ = {
			isa = XCConfigurationList;
			buildConfigurations = (
				CC34B7852083C169001BD9D0 /* Debug */,
				CC34B7862083C169001BD9D0 /* Release */,
			);
			defaultConfigurationIsVisible = 0;
			defaultConfigurationName = Release;
		};
/* End XCConfigurationList section */
	};
	rootObject = CC34B76A2083C167001BD9D0 /* Project object */;
}
